github.com/BurntSushi/toml v1.3.2 h1:o7IhLm0Msx3BaB+n3Ag7L8EVlByGnpq14C4YWiu/gL8=
github.com/BurntSushi/toml v1.3.2/go.mod h1:CxXYINrC8qIiEnFrOxCa7Jy5BFHlXnUU2pbicEuybxQ=
github.com/FDeghy/RajaGo v1.0.2 h1:4Kq3j6Bya43LB1rQAJZg5en9txFLZBo3SVd6x6LC22E=
github.com/FDeghy/RajaGo v1.0.2/go.mod h1:jVJ1ZH740nn+0N6bfLIgY52dVGLEQNnaVKxaPqIeinY=
github.com/FDeghy/RajaGo v1.0.3-0.20240108105737-d2a0d7eb5cc6 h1:1hruOSirJjHFXKDBUgPTfIWnv55yULkVFHsU/75DJaY=
github.com/FDeghy/RajaGo v1.0.3-0.20240108105737-d2a0d7eb5cc6/go.mod h1:jVJ1ZH740nn+0N6bfLIgY52dVGLEQNnaVKxaPqIeinY=
github.com/FDeghy/RajaGo v1.0.3 h1:esFdvNy/Ioo61hEnB3tbF/TUnS035LwKv5RTxMIWfR4=
github.com/FDeghy/RajaGo v1.0.3/go.mod h1:jVJ1ZH740nn+0N6bfLIgY52dVGLEQNnaVKxaPqIeinY=
github.com/FDeghy/RajaGo v1.0.4 h1:uNcjI5AD4tSWMBkkVYtJyZnElXNUm/P12VsPhCtmGQw=
github.com/FDeghy/RajaGo v1.0.4/go.mod h1:jVJ1ZH740nn+0N6bfLIgY52dVGLEQNnaVKxaPqIeinY=
github.com/FDeghy/RajaGo v1.0.5 h1:lZmsEYDHDJiq7iubQbN5Ww/YfbYiTm6p4aHri6RAxjs=
github.com/FDeghy/RajaGo v1.0.5/go.mod h1:jVJ1ZH740nn+0N6bfLIgY52dVGLEQNnaVKxaPqIeinY=
github.com/PaulSonOfLars/gotgbot/v2 v2.0.0-rc.23 h1:gfa4qPLiGemeBgQDEFH4s8N9HcS+5o+V/4ycmB35c1Y=
github.com/PaulSonOfLars/gotgbot/v2 v2.0.0-rc.23/go.mod h1:kL1v4iIjlalwm3gCYGvF4NLa3hs+aKEfRkNJvj4aoDU=
github.com/jinzhu/inflection v1.0.0 h1:K317FqzuhWc8YvSVlFMCCUb36O/S9MCKRDI7QkRKD/E=
github.com/jinzhu/inflection v1.0.0/go.mod h1:h+uFLlag+Qp1Va5pdKtLDYj+kHp5pxUVkryuEj+Srlc=
github.com/jinzhu/now v1.1.5 h1:/o9tlHleP7gOFmsnYNz3RGnqzefHA47wQpKrrdTIwXQ=
github.com/jinzhu/now v1.1.5/go.mod h1:d3SSVoowX0Lcu0IBviAWJpolVfI5UJVZZ7cO71lE/z8=
github.com/mattn/go-sqlite3 v1.14.19 h1:fhGleo2h1p8tVChob4I9HpmVFIAkKGpiukdrgQbWfGI=
github.com/mattn/go-sqlite3 v1.14.19/go.mod h1:2eHXhiwb8IkHr+BDWZGa96P6+rkvnG63S2DGjv9HUNg=
github.com/yaa110/go-persian-calendar v1.1.5 h1:EUipRRhzE6bR2NZaSyZ5BEOP46LGbUjzQgdC+Ivrbe4=
github.com/yaa110/go-persian-calendar v1.1.5/go.mod h1:qtnmHCS9u1EiwzzSCSttGoxD5NfV9ZMzymxFCBYmqfg=
golang.org/x/crypto v0.17.0 h1:r8bRNjWL3GshPW3gkd+RpvzWrZAwPS49OmTGZ/uhM4k=
golang.org/x/crypto v0.17.0/go.mod h1:gCAAfMLgwOJRpTjQ2zCCt2OcSfYMTeZVSRtQlPC7Nq4=
gorm.io/driver/sqlite v1.5.4 h1:IqXwXi8M/ZlPzH/947tn5uik3aYQslP9BVveoax0nV0=
gorm.io/driver/sqlite v1.5.4/go.mod h1:qxAuCol+2r6PannQDpOP1FP6ag3mKi4esLnB/jHed+4=
gorm.io/gorm v1.25.5 h1:zR9lOiiYf09VNh5Q1gphfyia1JpiClIWG9hQaxB/mls=
gorm.io/gorm v1.25.5/go.mod h1:hbnx/Oo0ChWMn1BIhpy1oYozzpM15i4YPuHDmfYtwg8=
